// !$*UTF8*$!
{
	archiveVersion = 1;
	classes = {
	};
	objectVersion = 56;
	objects = {

/* Begin PBXBuildFile section */
		2BA782E22A1A181C00554879 /* AppDelegate.swift in Sources */ = {isa = PBXBuildFile; fileRef = 2BA782E12A1A181C00554879 /* AppDelegate.swift */; };
		2BA782E42A1A181C00554879 /* SceneDelegate.swift in Sources */ = {isa = PBXBuildFile; fileRef = 2BA782E32A1A181C00554879 /* SceneDelegate.swift */; };
		2BA782E62A1A181C00554879 /* ViewController.swift in Sources */ = {isa = PBXBuildFile; fileRef = 2BA782E52A1A181C00554879 /* ViewController.swift */; };
		2BA782E92A1A181C00554879 /* Main.storyboard in Resources */ = {isa = PBXBuildFile; fileRef = 2BA782E72A1A181C00554879 /* Main.storyboard */; };
		2BA782EB2A1A181E00554879 /* Assets.xcassets in Resources */ = {isa = PBXBuildFile; fileRef = 2BA782EA2A1A181E00554879 /* Assets.xcassets */; };
		2BA782EE2A1A181E00554879 /* LaunchScreen.storyboard in Resources */ = {isa = PBXBuildFile; fileRef = 2BA782EC2A1A181E00554879 /* LaunchScreen.storyboard */; };
		2BA782FF2A21BC0500554879 /* SF-Pro-Rounded-Semibold.otf in Resources */ = {isa = PBXBuildFile; fileRef = 2BA782F62A21BC0500554879 /* SF-Pro-Rounded-Semibold.otf */; };
		2BA783002A21BC0500554879 /* SF-Pro-Rounded-Regular.otf in Resources */ = {isa = PBXBuildFile; fileRef = 2BA782F72A21BC0500554879 /* SF-Pro-Rounded-Regular.otf */; };
		2BA783012A21BC0500554879 /* SF-Pro-Rounded-Black.otf in Resources */ = {isa = PBXBuildFile; fileRef = 2BA782F82A21BC0500554879 /* SF-Pro-Rounded-Black.otf */; };
		2BA783022A21BC0500554879 /* SF-Pro-Rounded-Light.otf in Resources */ = {isa = PBXBuildFile; fileRef = 2BA782F92A21BC0500554879 /* SF-Pro-Rounded-Light.otf */; };
		2BA783032A21BC0500554879 /* SF-Pro-Rounded-Thin.otf in Resources */ = {isa = PBXBuildFile; fileRef = 2BA782FA2A21BC0500554879 /* SF-Pro-Rounded-Thin.otf */; };
		2BA783042A21BC0500554879 /* SF-Pro-Rounded-Medium.otf in Resources */ = {isa = PBXBuildFile; fileRef = 2BA782FB2A21BC0500554879 /* SF-Pro-Rounded-Medium.otf */; };
		2BA783052A21BC0500554879 /* SF-Pro-Rounded-Ultralight.otf in Resources */ = {isa = PBXBuildFile; fileRef = 2BA782FC2A21BC0500554879 /* SF-Pro-Rounded-Ultralight.otf */; };
		2BA783062A21BC0500554879 /* SF-Pro-Rounded-Heavy.otf in Resources */ = {isa = PBXBuildFile; fileRef = 2BA782FD2A21BC0500554879 /* SF-Pro-Rounded-Heavy.otf */; };
		2BA783072A21BC0500554879 /* SF-Pro-Rounded-Bold.otf in Resources */ = {isa = PBXBuildFile; fileRef = 2BA782FE2A21BC0500554879 /* SF-Pro-Rounded-Bold.otf */; };
		2BA783092A25ADA100554879 /* TimeViewController.swift in Sources */ = {isa = PBXBuildFile; fileRef = 2BA783082A25ADA100554879 /* TimeViewController.swift */; };
		2BA7830B2A25ADBD00554879 /* AddTaskViewController.swift in Sources */ = {isa = PBXBuildFile; fileRef = 2BA7830A2A25ADBD00554879 /* AddTaskViewController.swift */; };
		2BA783132A25AF9E00554879 /* ListTableViewController.swift in Sources */ = {isa = PBXBuildFile; fileRef = 2BA783122A25AF9E00554879 /* ListTableViewController.swift */; };
		2BA783162A25AFB300554879 /* ListTableViewCell.swift in Sources */ = {isa = PBXBuildFile; fileRef = 2BA783142A25AFB300554879 /* ListTableViewCell.swift */; };
		2BA783172A25AFB300554879 /* ListTableViewCell.xib in Resources */ = {isa = PBXBuildFile; fileRef = 2BA783152A25AFB300554879 /* ListTableViewCell.xib */; };
		2BA7831A2A25BCB200554879 /* Realm in Frameworks */ = {isa = PBXBuildFile; productRef = 2BA783192A25BCB200554879 /* Realm */; };
		2BA7831C2A25BCB200554879 /* RealmSwift in Frameworks */ = {isa = PBXBuildFile; productRef = 2BA7831B2A25BCB200554879 /* RealmSwift */; };
		2BA7831E2A25BE2A00554879 /* Memo.swift in Sources */ = {isa = PBXBuildFile; fileRef = 2BA7831D2A25BE2A00554879 /* Memo.swift */; };
/* End PBXBuildFile section */

/* Begin PBXFileReference section */
		2BA782DE2A1A181C00554879 /* ToDoOriginal.app */ = {isa = PBXFileReference; explicitFileType = wrapper.application; includeInIndex = 0; path = ToDoOriginal.app; sourceTree = BUILT_PRODUCTS_DIR; };
		2BA782E12A1A181C00554879 /* AppDelegate.swift */ = {isa = PBXFileReference; lastKnownFileType = sourcecode.swift; path = AppDelegate.swift; sourceTree = "<group>"; };
		2BA782E32A1A181C00554879 /* SceneDelegate.swift */ = {isa = PBXFileReference; lastKnownFileType = sourcecode.swift; path = SceneDelegate.swift; sourceTree = "<group>"; };
		2BA782E52A1A181C00554879 /* ViewController.swift */ = {isa = PBXFileReference; lastKnownFileType = sourcecode.swift; path = ViewController.swift; sourceTree = "<group>"; };
		2BA782E82A1A181C00554879 /* Base */ = {isa = PBXFileReference; lastKnownFileType = file.storyboard; name = Base; path = Base.lproj/Main.storyboard; sourceTree = "<group>"; };
		2BA782EA2A1A181E00554879 /* Assets.xcassets */ = {isa = PBXFileReference; lastKnownFileType = folder.assetcatalog; path = Assets.xcassets; sourceTree = "<group>"; };
		2BA782ED2A1A181E00554879 /* Base */ = {isa = PBXFileReference; lastKnownFileType = file.storyboard; name = Base; path = Base.lproj/LaunchScreen.storyboard; sourceTree = "<group>"; };
		2BA782EF2A1A181E00554879 /* Info.plist */ = {isa = PBXFileReference; lastKnownFileType = text.plist.xml; path = Info.plist; sourceTree = "<group>"; };
		2BA782F62A21BC0500554879 /* SF-Pro-Rounded-Semibold.otf */ = {isa = PBXFileReference; lastKnownFileType = file; path = "SF-Pro-Rounded-Semibold.otf"; sourceTree = "<group>"; };
		2BA782F72A21BC0500554879 /* SF-Pro-Rounded-Regular.otf */ = {isa = PBXFileReference; lastKnownFileType = file; path = "SF-Pro-Rounded-Regular.otf"; sourceTree = "<group>"; };
		2BA782F82A21BC0500554879 /* SF-Pro-Rounded-Black.otf */ = {isa = PBXFileReference; lastKnownFileType = file; path = "SF-Pro-Rounded-Black.otf"; sourceTree = "<group>"; };
		2BA782F92A21BC0500554879 /* SF-Pro-Rounded-Light.otf */ = {isa = PBXFileReference; lastKnownFileType = file; path = "SF-Pro-Rounded-Light.otf"; sourceTree = "<group>"; };
		2BA782FA2A21BC0500554879 /* SF-Pro-Rounded-Thin.otf */ = {isa = PBXFileReference; lastKnownFileType = file; path = "SF-Pro-Rounded-Thin.otf"; sourceTree = "<group>"; };
		2BA782FB2A21BC0500554879 /* SF-Pro-Rounded-Medium.otf */ = {isa = PBXFileReference; lastKnownFileType = file; path = "SF-Pro-Rounded-Medium.otf"; sourceTree = "<group>"; };
		2BA782FC2A21BC0500554879 /* SF-Pro-Rounded-Ultralight.otf */ = {isa = PBXFileReference; lastKnownFileType = file; path = "SF-Pro-Rounded-Ultralight.otf"; sourceTree = "<group>"; };
		2BA782FD2A21BC0500554879 /* SF-Pro-Rounded-Heavy.otf */ = {isa = PBXFileReference; lastKnownFileType = file; path = "SF-Pro-Rounded-Heavy.otf"; sourceTree = "<group>"; };
		2BA782FE2A21BC0500554879 /* SF-Pro-Rounded-Bold.otf */ = {isa = PBXFileReference; lastKnownFileType = file; path = "SF-Pro-Rounded-Bold.otf"; sourceTree = "<group>"; };
		2BA783082A25ADA100554879 /* TimeViewController.swift */ = {isa = PBXFileReference; lastKnownFileType = sourcecode.swift; path = TimeViewController.swift; sourceTree = "<group>"; };
		2BA7830A2A25ADBD00554879 /* AddTaskViewController.swift */ = {isa = PBXFileReference; lastKnownFileType = sourcecode.swift; path = AddTaskViewController.swift; sourceTree = "<group>"; };
		2BA783122A25AF9E00554879 /* ListTableViewController.swift */ = {isa = PBXFileReference; lastKnownFileType = sourcecode.swift; path = ListTableViewController.swift; sourceTree = "<group>"; };
		2BA783142A25AFB300554879 /* ListTableViewCell.swift */ = {isa = PBXFileReference; lastKnownFileType = sourcecode.swift; path = ListTableViewCell.swift; sourceTree = "<group>"; };
		2BA783152A25AFB300554879 /* ListTableViewCell.xib */ = {isa = PBXFileReference; lastKnownFileType = file.xib; path = ListTableViewCell.xib; sourceTree = "<group>"; };
		2BA7831D2A25BE2A00554879 /* Memo.swift */ = {isa = PBXFileReference; lastKnownFileType = sourcecode.swift; path = Memo.swift; sourceTree = "<group>"; };
/* End PBXFileReference section */

/* Begin PBXFrameworksBuildPhase section */
		2BA782DB2A1A181C00554879 /* Frameworks */ = {
			isa = PBXFrameworksBuildPhase;
			buildActionMask = 2147483647;
			files = (
				2BA7831C2A25BCB200554879 /* RealmSwift in Frameworks */,
				2BA7831A2A25BCB200554879 /* Realm in Frameworks */,
			);
			runOnlyForDeploymentPostprocessing = 0;
		};
/* End PBXFrameworksBuildPhase section */

/* Begin PBXGroup section */
		2BA782D52A1A181C00554879 = {
			isa = PBXGroup;
			children = (
				2BA782F52A21BC0500554879 /* SF Rounded Font */,
				2BA782E02A1A181C00554879 /* ToDoOriginal */,
				2BA782DF2A1A181C00554879 /* Products */,
			);
			sourceTree = "<group>";
		};
		2BA782DF2A1A181C00554879 /* Products */ = {
			isa = PBXGroup;
			children = (
				2BA782DE2A1A181C00554879 /* ToDoOriginal.app */,
			);
			name = Products;
			sourceTree = "<group>";
		};
		2BA782E02A1A181C00554879 /* ToDoOriginal */ = {
			isa = PBXGroup;
			children = (
				2BA782E12A1A181C00554879 /* AppDelegate.swift */,
				2BA782E32A1A181C00554879 /* SceneDelegate.swift */,
				2BA782E52A1A181C00554879 /* ViewController.swift */,
				2BA782E72A1A181C00554879 /* Main.storyboard */,
				2BA782EA2A1A181E00554879 /* Assets.xcassets */,
				2BA782EC2A1A181E00554879 /* LaunchScreen.storyboard */,
				2BA782EF2A1A181E00554879 /* Info.plist */,
				2BA783082A25ADA100554879 /* TimeViewController.swift */,
				2BA7830A2A25ADBD00554879 /* AddTaskViewController.swift */,
				2BA783122A25AF9E00554879 /* ListTableViewController.swift */,
				2BA783142A25AFB300554879 /* ListTableViewCell.swift */,
				2BA783152A25AFB300554879 /* ListTableViewCell.xib */,
				2BA7831D2A25BE2A00554879 /* Memo.swift */,
			);
			path = ToDoOriginal;
			sourceTree = "<group>";
		};
		2BA782F52A21BC0500554879 /* SF Rounded Font */ = {
			isa = PBXGroup;
			children = (
				2BA782F62A21BC0500554879 /* SF-Pro-Rounded-Semibold.otf */,
				2BA782F72A21BC0500554879 /* SF-Pro-Rounded-Regular.otf */,
				2BA782F82A21BC0500554879 /* SF-Pro-Rounded-Black.otf */,
				2BA782F92A21BC0500554879 /* SF-Pro-Rounded-Light.otf */,
				2BA782FA2A21BC0500554879 /* SF-Pro-Rounded-Thin.otf */,
				2BA782FB2A21BC0500554879 /* SF-Pro-Rounded-Medium.otf */,
				2BA782FC2A21BC0500554879 /* SF-Pro-Rounded-Ultralight.otf */,
				2BA782FD2A21BC0500554879 /* SF-Pro-Rounded-Heavy.otf */,
				2BA782FE2A21BC0500554879 /* SF-Pro-Rounded-Bold.otf */,
			);
			path = "SF Rounded Font";
			sourceTree = "<group>";
		};
/* End PBXGroup section */

/* Begin PBXNativeTarget section */
		2BA782DD2A1A181C00554879 /* ToDoOriginal */ = {
			isa = PBXNativeTarget;
			buildConfigurationList = 2BA782F22A1A181E00554879 /* Build configuration list for PBXNativeTarget "ToDoOriginal" */;
			buildPhases = (
				2BA782DA2A1A181C00554879 /* Sources */,
				2BA782DB2A1A181C00554879 /* Frameworks */,
				2BA782DC2A1A181C00554879 /* Resources */,
			);
			buildRules = (
			);
			dependencies = (
			);
			name = ToDoOriginal;
			packageProductDependencies = (
				2BA783192A25BCB200554879 /* Realm */,
				2BA7831B2A25BCB200554879 /* RealmSwift */,
			);
			productName = ToDoOriginal;
			productReference = 2BA782DE2A1A181C00554879 /* ToDoOriginal.app */;
			productType = "com.apple.product-type.application";
		};
/* End PBXNativeTarget section */

/* Begin PBXProject section */
		2BA782D62A1A181C00554879 /* Project object */ = {
			isa = PBXProject;
			attributes = {
				BuildIndependentTargetsInParallel = 1;
				LastSwiftUpdateCheck = 1430;
				LastUpgradeCheck = 1430;
				TargetAttributes = {
					2BA782DD2A1A181C00554879 = {
						CreatedOnToolsVersion = 14.3;
					};
				};
			};
			buildConfigurationList = 2BA782D92A1A181C00554879 /* Build configuration list for PBXProject "ToDoOriginal" */;
			compatibilityVersion = "Xcode 14.0";
			developmentRegion = en;
			hasScannedForEncodings = 0;
			knownRegions = (
				en,
				Base,
			);
			mainGroup = 2BA782D52A1A181C00554879;
			packageReferences = (
				2BA783182A25BCB200554879 /* XCRemoteSwiftPackageReference "realm-swift" */,
			);
			productRefGroup = 2BA782DF2A1A181C00554879 /* Products */;
			projectDirPath = "";
			projectRoot = "";
			targets = (
				2BA782DD2A1A181C00554879 /* ToDoOriginal */,
			);
		};
/* End PBXProject section */

/* Begin PBXResourcesBuildPhase section */
		2BA782DC2A1A181C00554879 /* Resources */ = {
			isa = PBXResourcesBuildPhase;
			buildActionMask = 2147483647;
			files = (
				2BA783042A21BC0500554879 /* SF-Pro-Rounded-Medium.otf in Resources */,
				2BA782EE2A1A181E00554879 /* LaunchScreen.storyboard in Resources */,
				2BA783002A21BC0500554879 /* SF-Pro-Rounded-Regular.otf in Resources */,
				2BA783172A25AFB300554879 /* ListTableViewCell.xib in Resources */,
				2BA783012A21BC0500554879 /* SF-Pro-Rounded-Black.otf in Resources */,
				2BA783032A21BC0500554879 /* SF-Pro-Rounded-Thin.otf in Resources */,
				2BA783022A21BC0500554879 /* SF-Pro-Rounded-Light.otf in Resources */,
				2BA782EB2A1A181E00554879 /* Assets.xcassets in Resources */,
				2BA782E92A1A181C00554879 /* Main.storyboard in Resources */,
				2BA783052A21BC0500554879 /* SF-Pro-Rounded-Ultralight.otf in Resources */,
				2BA783072A21BC0500554879 /* SF-Pro-Rounded-Bold.otf in Resources */,
				2BA783062A21BC0500554879 /* SF-Pro-Rounded-Heavy.otf in Resources */,
				2BA782FF2A21BC0500554879 /* SF-Pro-Rounded-Semibold.otf in Resources */,
			);
			runOnlyForDeploymentPostprocessing = 0;
		};
/* End PBXResourcesBuildPhase section */

/* Begin PBXSourcesBuildPhase section */
		2BA782DA2A1A181C00554879 /* Sources */ = {
			isa = PBXSourcesBuildPhase;
			buildActionMask = 2147483647;
			files = (
				2BA783162A25AFB300554879 /* ListTableViewCell.swift in Sources */,
				2BA782E62A1A181C00554879 /* ViewController.swift in Sources */,
				2BA783092A25ADA100554879 /* TimeViewController.swift in Sources */,
				2BA7831E2A25BE2A00554879 /* Memo.swift in Sources */,
				2BA782E22A1A181C00554879 /* AppDelegate.swift in Sources */,
				2BA783132A25AF9E00554879 /* ListTableViewController.swift in Sources */,
				2BA782E42A1A181C00554879 /* SceneDelegate.swift in Sources */,
				2BA7830B2A25ADBD00554879 /* AddTaskViewController.swift in Sources */,
			);
			runOnlyForDeploymentPostprocessing = 0;
		};
/* End PBXSourcesBuildPhase section */

/* Begin PBXVariantGroup section */
		2BA782E72A1A181C00554879 /* Main.storyboard */ = {
			isa = PBXVariantGroup;
			children = (
				2BA782E82A1A181C00554879 /* Base */,
			);
			name = Main.storyboard;
			sourceTree = "<group>";
		};
		2BA782EC2A1A181E00554879 /* LaunchScreen.storyboard */ = {
			isa = PBXVariantGroup;
			children = (
				2BA782ED2A1A181E00554879 /* Base */,
			);
			name = LaunchScreen.storyboard;
			sourceTree = "<group>";
		};
/* End PBXVariantGroup section */

/* Begin XCBuildConfiguration section */
		2BA782F02A1A181E00554879 /* Debug */ = {
			isa = XCBuildConfiguration;
			buildSettings = {
				ALWAYS_SEARCH_USER_PATHS = NO;
				CLANG_ANALYZER_NONNULL = YES;
				CLANG_ANALYZER_NUMBER_OBJECT_CONVERSION = YES_AGGRESSIVE;
				CLANG_CXX_LANGUAGE_STANDARD = "gnu++20";
				CLANG_ENABLE_MODULES = YES;
				CLANG_ENABLE_OBJC_ARC = YES;
				CLANG_ENABLE_OBJC_WEAK = YES;
				CLANG_WARN_BLOCK_CAPTURE_AUTORELEASING = YES;
				CLANG_WARN_BOOL_CONVERSION = YES;
				CLANG_WARN_COMMA = YES;
				CLANG_WARN_CONSTANT_CONVERSION = YES;
				CLANG_WARN_DEPRECATED_OBJC_IMPLEMENTATIONS = YES;
				CLANG_WARN_DIRECT_OBJC_ISA_USAGE = YES_ERROR;
				CLANG_WARN_DOCUMENTATION_COMMENTS = YES;
				CLANG_WARN_EMPTY_BODY = YES;
				CLANG_WARN_ENUM_CONVERSION = YES;
				CLANG_WARN_INFINITE_RECURSION = YES;
				CLANG_WARN_INT_CONVERSION = YES;
				CLANG_WARN_NON_LITERAL_NULL_CONVERSION = YES;
				CLANG_WARN_OBJC_IMPLICIT_RETAIN_SELF = YES;
				CLANG_WARN_OBJC_LITERAL_CONVERSION = YES;
				CLANG_WARN_OBJC_ROOT_CLASS = YES_ERROR;
				CLANG_WARN_QUOTED_INCLUDE_IN_FRAMEWORK_HEADER = YES;
				CLANG_WARN_RANGE_LOOP_ANALYSIS = YES;
				CLANG_WARN_STRICT_PROTOTYPES = YES;
				CLANG_WARN_SUSPICIOUS_MOVE = YES;
				CLANG_WARN_UNGUARDED_AVAILABILITY = YES_AGGRESSIVE;
				CLANG_WARN_UNREACHABLE_CODE = YES;
				CLANG_WARN__DUPLICATE_METHOD_MATCH = YES;
				COPY_PHASE_STRIP = NO;
				DEBUG_INFORMATION_FORMAT = dwarf;
				ENABLE_STRICT_OBJC_MSGSEND = YES;
				ENABLE_TESTABILITY = YES;
				GCC_C_LANGUAGE_STANDARD = gnu11;
				GCC_DYNAMIC_NO_PIC = NO;
				GCC_NO_COMMON_BLOCKS = YES;
				GCC_OPTIMIZATION_LEVEL = 0;
				GCC_PREPROCESSOR_DEFINITIONS = (
					"DEBUG=1",
					"$(inherited)",
				);
				GCC_WARN_64_TO_32_BIT_CONVERSION = YES;
				GCC_WARN_ABOUT_RETURN_TYPE = YES_ERROR;
				GCC_WARN_UNDECLARED_SELECTOR = YES;
				GCC_WARN_UNINITIALIZED_AUTOS = YES_AGGRESSIVE;
				GCC_WARN_UNUSED_FUNCTION = YES;
				GCC_WARN_UNUSED_VARIABLE = YES;
				IPHONEOS_DEPLOYMENT_TARGET = 16.4;
				MTL_ENABLE_DEBUG_INFO = INCLUDE_SOURCE;
				MTL_FAST_MATH = YES;
				ONLY_ACTIVE_ARCH = YES;
				SDKROOT = iphoneos;
				SWIFT_ACTIVE_COMPILATION_CONDITIONS = DEBUG;
				SWIFT_OPTIMIZATION_LEVEL = "-Onone";
			};
			name = Debug;
		};
		2BA782F12A1A181E00554879 /* Release */ = {
			isa = XCBuildConfiguration;
			buildSettings = {
				ALWAYS_SEARCH_USER_PATHS = NO;
				CLANG_ANALYZER_NONNULL = YES;
				CLANG_ANALYZER_NUMBER_OBJECT_CONVERSION = YES_AGGRESSIVE;
				CLANG_CXX_LANGUAGE_STANDARD = "gnu++20";
				CLANG_ENABLE_MODULES = YES;
				CLANG_ENABLE_OBJC_ARC = YES;
				CLANG_ENABLE_OBJC_WEAK = YES;
				CLANG_WARN_BLOCK_CAPTURE_AUTORELEASING = YES;
				CLANG_WARN_BOOL_CONVERSION = YES;
				CLANG_WARN_COMMA = YES;
				CLANG_WARN_CONSTANT_CONVERSION = YES;
				CLANG_WARN_DEPRECATED_OBJC_IMPLEMENTATIONS = YES;
				CLANG_WARN_DIRECT_OBJC_ISA_USAGE = YES_ERROR;
				CLANG_WARN_DOCUMENTATION_COMMENTS = YES;
				CLANG_WARN_EMPTY_BODY = YES;
				CLANG_WARN_ENUM_CONVERSION = YES;
				CLANG_WARN_INFINITE_RECURSION = YES;
				CLANG_WARN_INT_CONVERSION = YES;
				CLANG_WARN_NON_LITERAL_NULL_CONVERSION = YES;
				CLANG_WARN_OBJC_IMPLICIT_RETAIN_SELF = YES;
				CLANG_WARN_OBJC_LITERAL_CONVERSION = YES;
				CLANG_WARN_OBJC_ROOT_CLASS = YES_ERROR;
				CLANG_WARN_QUOTED_INCLUDE_IN_FRAMEWORK_HEADER = YES;
				CLANG_WARN_RANGE_LOOP_ANALYSIS = YES;
				CLANG_WARN_STRICT_PROTOTYPES = YES;
				CLANG_WARN_SUSPICIOUS_MOVE = YES;
				CLANG_WARN_UNGUARDED_AVAILABILITY = YES_AGGRESSIVE;
				CLANG_WARN_UNREACHABLE_CODE = YES;
				CLANG_WARN__DUPLICATE_METHOD_MATCH = YES;
				COPY_PHASE_STRIP = NO;
				DEBUG_INFORMATION_FORMAT = "dwarf-with-dsym";
				ENABLE_NS_ASSERTIONS = NO;
				ENABLE_STRICT_OBJC_MSGSEND = YES;
				GCC_C_LANGUAGE_STANDARD = gnu11;
				GCC_NO_COMMON_BLOCKS = YES;
				GCC_WARN_64_TO_32_BIT_CONVERSION = YES;
				GCC_WARN_ABOUT_RETURN_TYPE = YES_ERROR;
				GCC_WARN_UNDECLARED_SELECTOR = YES;
				GCC_WARN_UNINITIALIZED_AUTOS = YES_AGGRESSIVE;
				GCC_WARN_UNUSED_FUNCTION = YES;
				GCC_WARN_UNUSED_VARIABLE = YES;
				IPHONEOS_DEPLOYMENT_TARGET = 16.4;
				MTL_ENABLE_DEBUG_INFO = NO;
				MTL_FAST_MATH = YES;
				SDKROOT = iphoneos;
				SWIFT_COMPILATION_MODE = wholemodule;
				SWIFT_OPTIMIZATION_LEVEL = "-O";
				VALIDATE_PRODUCT = YES;
			};
			name = Release;
		};
		2BA782F32A1A181E00554879 /* Debug */ = {
			isa = XCBuildConfiguration;
			buildSettings = {
				ASSETCATALOG_COMPILER_APPICON_NAME = AppIcon;
				ASSETCATALOG_COMPILER_GLOBAL_ACCENT_COLOR_NAME = AccentColor;
				CODE_SIGN_STYLE = Automatic;
				CURRENT_PROJECT_VERSION = 1;
				GENERATE_INFOPLIST_FILE = YES;
				INFOPLIST_FILE = ToDoOriginal/Info.plist;
				INFOPLIST_KEY_UIApplicationSupportsIndirectInputEvents = YES;
				INFOPLIST_KEY_UILaunchStoryboardName = LaunchScreen;
				INFOPLIST_KEY_UIMainStoryboardFile = Main;
				INFOPLIST_KEY_UISupportedInterfaceOrientations_iPad = "UIInterfaceOrientationPortrait UIInterfaceOrientationPortraitUpsideDown UIInterfaceOrientationLandscapeLeft UIInterfaceOrientationLandscapeRight";
				INFOPLIST_KEY_UISupportedInterfaceOrientations_iPhone = "UIInterfaceOrientationPortrait UIInterfaceOrientationLandscapeLeft UIInterfaceOrientationLandscapeRight";
				LD_RUNPATH_SEARCH_PATHS = (
					"$(inherited)",
					"@executable_path/Frameworks",
				);
				MARKETING_VERSION = 1.0;
				PRODUCT_BUNDLE_IDENTIFIER = app.suenaga.yukiyo.ToDoOriginal;
				PRODUCT_NAME = "$(TARGET_NAME)";
				SWIFT_EMIT_LOC_STRINGS = YES;
				SWIFT_VERSION = 5.0;
				TARGETED_DEVICE_FAMILY = "1,2";
			};
			name = Debug;
		};
		2BA782F42A1A181E00554879 /* Release */ = {
			isa = XCBuildConfiguration;
			buildSettings = {
				ASSETCATALOG_COMPILER_APPICON_NAME = AppIcon;
				ASSETCATALOG_COMPILER_GLOBAL_ACCENT_COLOR_NAME = AccentColor;
				CODE_SIGN_STYLE = Automatic;
				CURRENT_PROJECT_VERSION = 1;
				GENERATE_INFOPLIST_FILE = YES;
				INFOPLIST_FILE = ToDoOriginal/Info.plist;
				INFOPLIST_KEY_UIApplicationSupportsIndirectInputEvents = YES;
				INFOPLIST_KEY_UILaunchStoryboardName = LaunchScreen;
				INFOPLIST_KEY_UIMainStoryboardFile = Main;
				INFOPLIST_KEY_UISupportedInterfaceOrientations_iPad = "UIInterfaceOrientationPortrait UIInterfaceOrientationPortraitUpsideDown UIInterfaceOrientationLandscapeLeft UIInterfaceOrientationLandscapeRight";
				INFOPLIST_KEY_UISupportedInterfaceOrientations_iPhone = "UIInterfaceOrientationPortrait UIInterfaceOrientationLandscapeLeft UIInterfaceOrientationLandscapeRight";
				LD_RUNPATH_SEARCH_PATHS = (
					"$(inherited)",
					"@executable_path/Frameworks",
				);
				MARKETING_VERSION = 1.0;
				PRODUCT_BUNDLE_IDENTIFIER = app.suenaga.yukiyo.ToDoOriginal;
				PRODUCT_NAME = "$(TARGET_NAME)";
				SWIFT_EMIT_LOC_STRINGS = YES;
				SWIFT_VERSION = 5.0;
				TARGETED_DEVICE_FAMILY = "1,2";
			};
			name = Release;
		};
/* End XCBuildConfiguration section */

/* Begin XCConfigurationList section */
		2BA782D92A1A181C00554879 /* Build configuration list for PBXProject "ToDoOriginal" */ = {
			isa = XCConfigurationList;
			buildConfigurations = (
				2BA782F02A1A181E00554879 /* Debug */,
				2BA782F12A1A181E00554879 /* Release */,
			);
			defaultConfigurationIsVisible = 0;
			defaultConfigurationName = Release;
		};
		2BA782F22A1A181E00554879 /* Build configuration list for PBXNativeTarget "ToDoOriginal" */ = {
			isa = XCConfigurationList;
			buildConfigurations = (
				2BA782F32A1A181E00554879 /* Debug */,
				2BA782F42A1A181E00554879 /* Release */,
			);
			defaultConfigurationIsVisible = 0;
			defaultConfigurationName = Release;
		};
/* End XCConfigurationList section */

/* Begin XCRemoteSwiftPackageReference section */
		2BA783182A25BCB200554879 /* XCRemoteSwiftPackageReference "realm-swift" */ = {
			isa = XCRemoteSwiftPackageReference;
			repositoryURL = "https://github.com/realm/realm-swift";
			requirement = {
				kind = upToNextMajorVersion;
				minimumVersion = 5.0.0;
			};
		};
/* End XCRemoteSwiftPackageReference section */

/* Begin XCSwiftPackageProductDependency section */
		2BA783192A25BCB200554879 /* Realm */ = {
			isa = XCSwiftPackageProductDependency;
			package = 2BA783182A25BCB200554879 /* XCRemoteSwiftPackageReference "realm-swift" */;
			productName = Realm;
		};
		2BA7831B2A25BCB200554879 /* RealmSwift */ = {
			isa = XCSwiftPackageProductDependency;
			package = 2BA783182A25BCB200554879 /* XCRemoteSwiftPackageReference "realm-swift" */;
			productName = RealmSwift;
		};
/* End XCSwiftPackageProductDependency section */
	};
	rootObject = 2BA782D62A1A181C00554879 /* Project object */;
}
